
Microsoft Visual Studio Solution File, Format Version 12.00
# Visual Studio Version 17
VisualStudioVersion = 17.13.35919.96 d17.13
MinimumVisualStudioVersion = 10.0.40219.1
Project("{FAE04EC0-301F-11D3-BF4B-00C04F79EFBC}") = "Student_Attendance_System", "Student_Attendance_System.csproj", "{A3A72A3C-136E-48B8-A18A-660F502C3A54}"
EndProject
Global
	GlobalSection(SolutionConfigurationPlatforms) = preSolution
		Debug|Any CPU = Debug|Any CPU
		Release|Any CPU = Release|Any CPU
	EndGlobalSection
	GlobalSection(ProjectConfigurationPlatforms) = postSolution
		{A3A72A3C-136E-48B8-A18A-660F502C3A54}.Debug|Any CPU.ActiveCfg = Debug|Any CPU
		{A3A72A3C-136E-48B8-A18A-660F502C3A54}.Debug|Any CPU.Build.0 = Debug|Any CPU
		{A3A72A3C-136E-48B8-A18A-660F502C3A54}.Release|Any CPU.ActiveCfg = Release|Any CPU
		{A3A72A3C-136E-48B8-A18A-660F502C3A54}.Release|Any CPU.Build.0 = Release|Any CPU
	EndGlobalSection
	GlobalSection(SolutionProperties) = preSolution
		HideSolutionNode = FALSE
	EndGlobalSection
	GlobalSection(ExtensibilityGlobals) = postSolution
		SolutionGuid = {06C7D7D2-BA3E-4BCF-AC44-1F394D15595E}
	EndGlobalSection
EndGlobal
